
Microsoft Visual Studio Solution File, Format Version 12.00
# Visual Studio Version 16
VisualStudioVersion = 16.0.29709.97
MinimumVisualStudioVersion = 10.0.40219.1
Project("{FAE04EC0-301F-11D3-BF4B-00C04F79EFBC}") = "lab2", "lab2\lab2.csproj", "{4510023D-3433-4C58-ACF5-123F3E091F7B}"
EndProject
Global
	GlobalSection(SolutionConfigurationPlatforms) = preSolution
		Debug|Any CPU = Debug|Any CPU
		Release|Any CPU = Release|Any CPU
	EndGlobalSection
	GlobalSection(ProjectConfigurationPlatforms) = postSolution
		{4510023D-3433-4C58-ACF5-123F3E091F7B}.Debug|Any CPU.ActiveCfg = Debug|Any CPU
		{4510023D-3433-4C58-ACF5-123F3E091F7B}.Debug|Any CPU.Build.0 = Debug|Any CPU
		{4510023D-3433-4C58-ACF5-123F3E091F7B}.Release|Any CPU.ActiveCfg = Release|Any CPU
		{4510023D-3433-4C58-ACF5-123F3E091F7B}.Release|Any CPU.Build.0 = Release|Any CPU
	EndGlobalSection
	GlobalSection(SolutionProperties) = preSolution
		HideSolutionNode = FALSE
	EndGlobalSection
	GlobalSection(ExtensibilityGlobals) = postSolution
		SolutionGuid = {212ED2ED-1F36-4CBC-AE96-989FB6A75EF5}
	EndGlobalSection
EndGlobal
