
Microsoft Visual Studio Solution File, Format Version 12.00
# Visual Studio Version 16
VisualStudioVersion = 16.0.29709.97
MinimumVisualStudioVersion = 10.0.40219.1
Project("{FAE04EC0-301F-11D3-BF4B-00C04F79EFBC}") = "LAB3", "LAB3\LAB3.csproj", "{451F44E6-0905-4EE6-A774-4B9CD1D910AB}"
EndProject
Global
	GlobalSection(SolutionConfigurationPlatforms) = preSolution
		Debug|Any CPU = Debug|Any CPU
		Release|Any CPU = Release|Any CPU
	EndGlobalSection
	GlobalSection(ProjectConfigurationPlatforms) = postSolution
		{451F44E6-0905-4EE6-A774-4B9CD1D910AB}.Debug|Any CPU.ActiveCfg = Debug|Any CPU
		{451F44E6-0905-4EE6-A774-4B9CD1D910AB}.Debug|Any CPU.Build.0 = Debug|Any CPU
		{451F44E6-0905-4EE6-A774-4B9CD1D910AB}.Release|Any CPU.ActiveCfg = Release|Any CPU
		{451F44E6-0905-4EE6-A774-4B9CD1D910AB}.Release|Any CPU.Build.0 = Release|Any CPU
	EndGlobalSection
	GlobalSection(SolutionProperties) = preSolution
		HideSolutionNode = FALSE
	EndGlobalSection
	GlobalSection(ExtensibilityGlobals) = postSolution
		SolutionGuid = {67FF9A6A-EFFD-46DC-8103-772D9EC7C19E}
	EndGlobalSection
EndGlobal
