
Microsoft Visual Studio Solution File, Format Version 12.00
# Visual Studio Version 16
VisualStudioVersion = 16.0.29709.97
MinimumVisualStudioVersion = 10.0.40219.1
Project("{FAE04EC0-301F-11D3-BF4B-00C04F79EFBC}") = "LAB7test", "LAB7test\LAB7test.csproj", "{91384158-66B6-49C6-A415-FD79548EED40}"
EndProject
Project("{9A19103F-16F7-4668-BE54-9A1E7A4F7556}") = "LAB7", "LAB7\LAB7.csproj", "{0AE0E564-A0FB-4118-A8D8-43A13349AD60}"
EndProject
Global
	GlobalSection(SolutionConfigurationPlatforms) = preSolution
		Debug|Any CPU = Debug|Any CPU
		Release|Any CPU = Release|Any CPU
	EndGlobalSection
	GlobalSection(ProjectConfigurationPlatforms) = postSolution
		{91384158-66B6-49C6-A415-FD79548EED40}.Debug|Any CPU.ActiveCfg = Debug|Any CPU
		{91384158-66B6-49C6-A415-FD79548EED40}.Debug|Any CPU.Build.0 = Debug|Any CPU
		{91384158-66B6-49C6-A415-FD79548EED40}.Release|Any CPU.ActiveCfg = Release|Any CPU
		{91384158-66B6-49C6-A415-FD79548EED40}.Release|Any CPU.Build.0 = Release|Any CPU
		{0AE0E564-A0FB-4118-A8D8-43A13349AD60}.Debug|Any CPU.ActiveCfg = Debug|Any CPU
		{0AE0E564-A0FB-4118-A8D8-43A13349AD60}.Debug|Any CPU.Build.0 = Debug|Any CPU
		{0AE0E564-A0FB-4118-A8D8-43A13349AD60}.Release|Any CPU.ActiveCfg = Release|Any CPU
		{0AE0E564-A0FB-4118-A8D8-43A13349AD60}.Release|Any CPU.Build.0 = Release|Any CPU
	EndGlobalSection
	GlobalSection(SolutionProperties) = preSolution
		HideSolutionNode = FALSE
	EndGlobalSection
	GlobalSection(ExtensibilityGlobals) = postSolution
		SolutionGuid = {F15BBCA5-302B-46C9-8157-7D94C5BE3BCB}
	EndGlobalSection
EndGlobal
